
Microsoft Visual Studio Solution File, Format Version 12.00
# Visual Studio 15
VisualStudioVersion = 15.0.27130.2020
MinimumVisualStudioVersion = 10.0.40219.1
Project("{9A19103F-16F7-4668-BE54-9A1E7A4F7556}") = "elazticfun", "elazticfun.csproj", "{AB654416-A62E-4900-A0FF-2EA2E8B5A09A}"
EndProject
Global
	GlobalSection(SolutionConfigurationPlatforms) = preSolution
		Debug|Any CPU = Debug|Any CPU
		Release|Any CPU = Release|Any CPU
	EndGlobalSection
	GlobalSection(ProjectConfigurationPlatforms) = postSolution
		{AB654416-A62E-4900-A0FF-2EA2E8B5A09A}.Debug|Any CPU.ActiveCfg = Debug|Any CPU
		{AB654416-A62E-4900-A0FF-2EA2E8B5A09A}.Debug|Any CPU.Build.0 = Debug|Any CPU
		{AB654416-A62E-4900-A0FF-2EA2E8B5A09A}.Release|Any CPU.ActiveCfg = Release|Any CPU
		{AB654416-A62E-4900-A0FF-2EA2E8B5A09A}.Release|Any CPU.Build.0 = Release|Any CPU
	EndGlobalSection
	GlobalSection(SolutionProperties) = preSolution
		HideSolutionNode = FALSE
	EndGlobalSection
	GlobalSection(ExtensibilityGlobals) = postSolution
		SolutionGuid = {70E0D5C3-A6CB-4BFF-AF2B-3AC15482991C}
	EndGlobalSection
EndGlobal
